
Microsoft Visual Studio Solution File, Format Version 12.00
# Visual Studio Version 17
VisualStudioVersion = 17.3.32929.385
MinimumVisualStudioVersion = 10.0.40219.1
Project("{FAE04EC0-301F-11D3-BF4B-00C04F79EFBC}") = "WinFormsApp3", "WinFormsApp3\WinFormsApp3.csproj", "{0D142DD4-5722-4001-AAFE-75D18590CBD1}"
EndProject
Global
	GlobalSection(SolutionConfigurationPlatforms) = preSolution
		Debug|Any CPU = Debug|Any CPU
		Release|Any CPU = Release|Any CPU
	EndGlobalSection
	GlobalSection(ProjectConfigurationPlatforms) = postSolution
		{0D142DD4-5722-4001-AAFE-75D18590CBD1}.Debug|Any CPU.ActiveCfg = Debug|Any CPU
		{0D142DD4-5722-4001-AAFE-75D18590CBD1}.Debug|Any CPU.Build.0 = Debug|Any CPU
		{0D142DD4-5722-4001-AAFE-75D18590CBD1}.Release|Any CPU.ActiveCfg = Release|Any CPU
		{0D142DD4-5722-4001-AAFE-75D18590CBD1}.Release|Any CPU.Build.0 = Release|Any CPU
	EndGlobalSection
	GlobalSection(SolutionProperties) = preSolution
		HideSolutionNode = FALSE
	EndGlobalSection
	GlobalSection(ExtensibilityGlobals) = postSolution
		SolutionGuid = {DD20CD58-6F70-4AA8-B484-5805ABA16F93}
	EndGlobalSection
EndGlobal
